
Microsoft Visual Studio Solution File, Format Version 12.00
# Visual Studio Version 17
VisualStudioVersion = 17.0.32126.317
MinimumVisualStudioVersion = 10.0.40219.1
Project("{8BC9CEB8-8B4A-11D0-8D11-00A0C91BC942}") = "Sandbox", "Sandbox\Sandbox.vcxproj", "{5271D9FE-5111-44AF-96A0-F18A3990F25B}"
EndProject
Project("{8BC9CEB8-8B4A-11D0-8D11-00A0C91BC942}") = "Hazel", "Hazel\Hazel.vcxproj", "{E0FCED12-4CBF-4690-A483-DC59AA581F88}"
EndProject
Global
	GlobalSection(SolutionConfigurationPlatforms) = preSolution
		Debug|x64 = Debug|x64
		Release|x64 = Release|x64
	EndGlobalSection
	GlobalSection(ProjectConfigurationPlatforms) = postSolution
		{E0FCED12-4CBF-4690-A483-DC59AA581F88}.Debug|x64.ActiveCfg = Debug|x64
		{E0FCED12-4CBF-4690-A483-DC59AA581F88}.Debug|x64.Build.0 = Debug|x64
		{E0FCED12-4CBF-4690-A483-DC59AA581F88}.Release|x64.ActiveCfg = Release|x64
		{E0FCED12-4CBF-4690-A483-DC59AA581F88}.Release|x64.Build.0 = Release|x64
		{5271D9FE-5111-44AF-96A0-F18A3990F25B}.Debug|x64.ActiveCfg = Debug|x64
		{5271D9FE-5111-44AF-96A0-F18A3990F25B}.Debug|x64.Build.0 = Debug|x64
		{5271D9FE-5111-44AF-96A0-F18A3990F25B}.Release|x64.ActiveCfg = Release|x64
		{5271D9FE-5111-44AF-96A0-F18A3990F25B}.Release|x64.Build.0 = Release|x64
	EndGlobalSection
	GlobalSection(SolutionProperties) = preSolution
		HideSolutionNode = FALSE
	EndGlobalSection
	GlobalSection(ExtensibilityGlobals) = postSolution
		SolutionGuid = {483D0E9E-9CB3-40AA-9B44-36155D06CE4D}
	EndGlobalSection
EndGlobal
